# This file is automatically @generated by Cargo.
# It is not intended for manual editing.
version = 4

[[package]]
name = "bloom_filter"
version = "0.1.0"
dependencies = [
 "simplehash",
]

[[package]]
name = "simplehash"
version = "0.1.3"
source = "registry+https://github.com/rust-lang/crates.io-index"
checksum = "db6192b3b6d8dbecf2ba8c8e16aa8b0cf64995ec51ce6b44b177287d187c97d3"
